NeoBundleLock CSApprox a2958096696f9132ef0ece44b3fab93dac6df8d0
NeoBundleLock FuzzyFinder b9f165970346df55862853dd83c8a4f2b2b70262
NeoBundleLock L9 c822b05ee0886f9a9703227dc85a6d47612c4bf1
NeoBundleLock auto-pairs b647ef54cd2d991d5221b97fb5dbb3c0477fdc64
NeoBundleLock ctrlp-py-matcher 08b98ff7ba5191616fa4f099a63cdcbad70a0c0f
NeoBundleLock ctrlp.vim fc1ae24b3eaa500deb6347e215ba54893b4ab319
NeoBundleLock grep.vim 852ddb0c6590bbc41c508d7f5d2fc17112492def
NeoBundleLock indentLine 87a29facd8fbaffd4db3972bb555cfe51f2bac42
NeoBundleLock jedi-vim dc23f0b859d3b5c087921b68cf7cd66803ecca83
NeoBundleLock molokai c67bdfcdb31415aa0ade7f8c003261700a885476
NeoBundleLock neobundle.vim 9a090ac0267e3825d892520e1ec8b195b9be8395
NeoBundleLock nerdtree 4ebbb533c3faf2c480211db2b547972bb3b60f2b
NeoBundleLock syntastic dbd761006f67f409e51fc4e4ae877b07ed3f1cb6
NeoBundleLock tagbar 7b36c46d17d57db34fdb0adac9ba6382d0bb5e66
NeoBundleLock ultisnips dbd43ad27cbfed14c9dc3de6d5acb5f4edb8f649
NeoBundleLock vim-airline 14d14cf951c08fc88ca6c3e6f28fe47b99421e23
NeoBundleLock vim-auto-save 1685175183d160879ebcf231cd4c96b1b8a5a5c9
NeoBundleLock vim-bootstrap-updater 83f1e75acb63ef72f987c0fb72a9dcb3b3d76168
NeoBundleLock vim-commentary e0f4850d78137a35b9461c530078bd77f39e4dce
NeoBundleLock vim-fugitive 09cdce7add258f8f6d1c9d9973f9978e5b4a9ccd
NeoBundleLock vim-gitgutter f52f875fc7b25b601366bd6c0d67c53ad84f9559
NeoBundleLock vim-go 70c363044df808e34d947815d01a37d4e7564421
NeoBundleLock vim-lua-ftplugin bcbf914046684f19955f24664c1659b330fcb241
NeoBundleLock vim-misc 3e6b8fb6f03f13434543ce1f5d24f6a5d3f34f0b
NeoBundleLock vim-polyglot 7679a92627661ef2d6878079a5c53bf3669aabf7
NeoBundleLock vim-session 9e9a6088f0554f6940c19889d0b2a8f39d13f2bb
NeoBundleLock vim-snippets cb063bed37d4114d2eb110eb7b495a2f65bcfd97
NeoBundleLock vim-trailing-whitespace 478b217d299b6f5938b43a4929d6bb0907cc3a56
NeoBundleLock vimproc.vim f96e476e41ab4cdb9c37242c8cf76f1e5aa5b91d
NeoBundleLock vimshell.vim a5b3d99ba84e76cf94195c37ab762aef5f7b6e25
